
Microsoft Visual Studio Solution File, Format Version 12.00
# Visual Studio Version 17
VisualStudioVersion = 17.6.33617.297
MinimumVisualStudioVersion = 10.0.40219.1
Project("{FAE04EC0-301F-11D3-BF4B-00C04F79EFBC}") = "MyConsoleApp", "MyConsoleApp.csproj", "{DA7A7A71-04DD-4D71-800F-8C510BFA3C2A}"
EndProject
Global
	GlobalSection(SolutionConfigurationPlatforms) = preSolution
		Debug|Any CPU = Debug|Any CPU
		Release|Any CPU = Release|Any CPU
	EndGlobalSection
	GlobalSection(ProjectConfigurationPlatforms) = postSolution
		{DA7A7A71-04DD-4D71-800F-8C510BFA3C2A}.Debug|Any CPU.ActiveCfg = Debug|Any CPU
		{DA7A7A71-04DD-4D71-800F-8C510BFA3C2A}.Debug|Any CPU.Build.0 = Debug|Any CPU
		{DA7A7A71-04DD-4D71-800F-8C510BFA3C2A}.Release|Any CPU.ActiveCfg = Release|Any CPU
		{DA7A7A71-04DD-4D71-800F-8C510BFA3C2A}.Release|Any CPU.Build.0 = Release|Any CPU
	EndGlobalSection
	GlobalSection(SolutionProperties) = preSolution
		HideSolutionNode = FALSE
	EndGlobalSection
	GlobalSection(ExtensibilityGlobals) = postSolution
		SolutionGuid = {7A6AF62E-CC84-4677-BF34-1FB789F81ADD}
	EndGlobalSection
EndGlobal
