
Microsoft Visual Studio Solution File, Format Version 12.00
# Visual Studio Version 17
VisualStudioVersion = 17.6.33617.297
MinimumVisualStudioVersion = 10.0.40219.1
Project("{FAE04EC0-301F-11D3-BF4B-00C04F79EFBC}") = "PipelineAndMore", "PipelineAndMore.csproj", "{3EF6124B-8BD1-4CF8-8A5D-03902422318C}"
EndProject
Global
	GlobalSection(SolutionConfigurationPlatforms) = preSolution
		Debug|Any CPU = Debug|Any CPU
		Release|Any CPU = Release|Any CPU
	EndGlobalSection
	GlobalSection(ProjectConfigurationPlatforms) = postSolution
		{3EF6124B-8BD1-4CF8-8A5D-03902422318C}.Debug|Any CPU.ActiveCfg = Debug|Any CPU
		{3EF6124B-8BD1-4CF8-8A5D-03902422318C}.Debug|Any CPU.Build.0 = Debug|Any CPU
		{3EF6124B-8BD1-4CF8-8A5D-03902422318C}.Release|Any CPU.ActiveCfg = Release|Any CPU
		{3EF6124B-8BD1-4CF8-8A5D-03902422318C}.Release|Any CPU.Build.0 = Release|Any CPU
	EndGlobalSection
	GlobalSection(SolutionProperties) = preSolution
		HideSolutionNode = FALSE
	EndGlobalSection
	GlobalSection(ExtensibilityGlobals) = postSolution
		SolutionGuid = {F2E5D297-B22B-4692-B5A4-8213653AF2B2}
	EndGlobalSection
EndGlobal
